<?xml version="1.0" encoding="utf-8"?>
<Project ToolsVersion="18.0" xmlns="http://schemas.microsoft.com/developer/msbuild/2003">
  <ItemGroup>
    <CustomBuild Include="D:\DEV\framework\build-qt\CMakeFiles\41ad4dc53f9a24beee2b0127842f4d48\timestamp_(CONFIG).rule">
      <Filter>CMake Rules</Filter>
    </CustomBuild>
    <CustomBuild Include="D:\DEV\framework\build-qt\CMakeFiles\330be81b8529b9d724a616e42aa1d93a\framework_qt6_example_json_file_list.txt.rule">
      <Filter>CMake Rules</Filter>
    </CustomBuild>
    <CustomBuild Include="D:\DEV\framework\build-qt\CMakeFiles\330be81b8529b9d724a616e42aa1d93a\qt6framework_qt6_example_metatypes.json.gen.rule">
      <Filter>CMake Rules</Filter>
    </CustomBuild>
    <CustomBuild Include="D:\DEV\framework\build-qt\CMakeFiles\330be81b8529b9d724a616e42aa1d93a\qt6framework_qt6_example_metatypes.json.rule">
      <Filter>CMake Rules</Filter>
    </CustomBuild>
    <CustomBuild Include="D:\DEV\framework\build-qt\CMakeFiles\21c97287ee4a3a208f53632819fce093\framework_qt6_example_qmltyperegistrations.cpp.rule">
      <Filter>CMake Rules</Filter>
    </CustomBuild>
    <CustomBuild Include="D:\DEV\framework\build-qt\CMakeFiles\6046d6e8b532e2b064c6cc5c92b13646\framework_qt6_example_qmltyperegistration.rule">
      <Filter>CMake Rules</Filter>
    </CustomBuild>
    <CustomBuild Include="D:\DEV\framework\ui\qt6\CMakeLists.txt" />
  </ItemGroup>
  <ItemGroup>
    <None Include="D:\DEV\framework\build-qt\ui\qt6\CMakeFiles\framework_qt6_example_qmltyperegistration" />
  </ItemGroup>
  <ItemGroup>
    <Filter Include="CMake Rules">
      <UniqueIdentifier>{69409CF5-2E95-3F45-8182-2F3EEC9DF485}</UniqueIdentifier>
    </Filter>
  </ItemGroup>
</Project>
