<?xml version="1.0" encoding="utf-8"?>
<Project ToolsVersion="18.0" xmlns="http://schemas.microsoft.com/developer/msbuild/2003">
  <ItemGroup>
    <ClCompile Include="D:\DEV\framework\build-qt\ui\qt6\framework_qt6_example_autogen\mocs_compilation_Debug.cpp">
      <Filter>Source Files\Generated</Filter>
    </ClCompile>
    <ClCompile Include="D:\DEV\framework\ui\qt6\main.cpp">
      <Filter>Source Files</Filter>
    </ClCompile>
    <ClCompile Include="D:\DEV\framework\build-qt\ui\qt6\framework_qt6_example_qmltyperegistrations.cpp">
      <Filter>Source Files\Generated</Filter>
    </ClCompile>
    <ClCompile Include="D:\DEV\framework\build-qt\ui\qt6\.qt\rcc\qrc_qmake_Framework_Qt6.cpp">
      <Filter>Source Files\Generated</Filter>
    </ClCompile>
    <ClCompile Include="D:\DEV\framework\ui\qt6\adapters\runtime_bridge.cpp">
      <Filter>Source Files</Filter>
    </ClCompile>
    <ClCompile Include="D:\DEV\framework\build-qt\ui\qt6\.rcc\qmlcache\framework_qt6_example_qmlcache_loader.cpp">
      <Filter>Source Files\Generated</Filter>
    </ClCompile>
    <ClCompile Include="D:\DEV\framework\build-qt\ui\qt6\.rcc\qmlcache\framework_qt6_example_Main_qml.cpp">
      <Filter>Source Files\Generated</Filter>
    </ClCompile>
    <ClCompile Include="D:\DEV\framework\build-qt\ui\qt6\.qt\rcc\qrc_framework_qt6_example_raw_qml_0.cpp">
      <Filter>Source Files\Generated</Filter>
    </ClCompile>
    <ClCompile Include="D:\DEV\framework\build-qt\ui\qt6\framework_qt6_example_autogen\mocs_compilation_Release.cpp">
      <Filter>Source Files\Generated</Filter>
    </ClCompile>
    <ClCompile Include="D:\DEV\framework\build-qt\ui\qt6\framework_qt6_example_autogen\mocs_compilation_MinSizeRel.cpp">
      <Filter>Source Files\Generated</Filter>
    </ClCompile>
    <ClCompile Include="D:\DEV\framework\build-qt\ui\qt6\framework_qt6_example_autogen\mocs_compilation_RelWithDebInfo.cpp">
      <Filter>Source Files\Generated</Filter>
    </ClCompile>
  </ItemGroup>
  <ItemGroup>
    <ClInclude Include="D:\DEV\framework\ui\qt6\adapters\runtime_bridge.h">
      <Filter>Header Files</Filter>
    </ClInclude>
    <ClInclude Include="D:\DEV\framework\build-qt\ui\qt6\.qt\rcc\qmake_Framework_Qt6.qrc">
      <Filter>Source Files\Generated</Filter>
    </ClInclude>
    <ClInclude Include="D:\DEV\framework\build-qt\ui\qt6\Framework\Qt6\qmldir">
      <Filter>Resources</Filter>
    </ClInclude>
    <ClInclude Include="D:\DEV\framework\build-qt\ui\qt6\.qt\rcc\framework_qt6_example_raw_qml_0.qrc">
      <Filter>Source Files\Generated</Filter>
    </ClInclude>
    <ClInclude Include="D:\DEV\framework\core\include\core\error.h">
      <Filter>Header Files</Filter>
    </ClInclude>
    <ClInclude Include="D:\DEV\framework\core\include\core\result.h">
      <Filter>Header Files</Filter>
    </ClInclude>
    <ClInclude Include="D:\DEV\framework\core\include\core\types.h">
      <Filter>Header Files</Filter>
    </ClInclude>
    <ClInclude Include="D:\DEV\framework\core\include\core\interfaces.h">
      <Filter>Header Files</Filter>
    </ClInclude>
    <ClInclude Include="D:\DEV\framework\core\include\core\module_id.h">
      <Filter>Header Files</Filter>
    </ClInclude>
  </ItemGroup>
  <ItemGroup>
    <CustomBuild Include="D:\DEV\framework\build-qt\CMakeFiles\330be81b8529b9d724a616e42aa1d93a\framework_qt6_example_json_file_list.txt.rule">
      <Filter>CMake Rules</Filter>
    </CustomBuild>
    <CustomBuild Include="D:\DEV\framework\build-qt\CMakeFiles\330be81b8529b9d724a616e42aa1d93a\qt6framework_qt6_example_metatypes.json.gen.rule">
      <Filter>CMake Rules</Filter>
    </CustomBuild>
    <CustomBuild Include="D:\DEV\framework\build-qt\CMakeFiles\330be81b8529b9d724a616e42aa1d93a\qt6framework_qt6_example_metatypes.json.rule">
      <Filter>CMake Rules</Filter>
    </CustomBuild>
    <CustomBuild Include="D:\DEV\framework\build-qt\CMakeFiles\21c97287ee4a3a208f53632819fce093\framework_qt6_example_qmltyperegistrations.cpp.rule">
      <Filter>CMake Rules</Filter>
    </CustomBuild>
    <CustomBuild Include="D:\DEV\framework\build-qt\CMakeFiles\775d877b00388d56f5bd89021646ada9\qrc_qmake_Framework_Qt6.cpp.rule">
      <Filter>CMake Rules</Filter>
    </CustomBuild>
    <CustomBuild Include="D:\DEV\framework\build-qt\CMakeFiles\b2ed2dda5f7ea6d8f20bc816bf518221\framework_qt6_example_qmlcache_loader.cpp.rule">
      <Filter>CMake Rules</Filter>
    </CustomBuild>
    <CustomBuild Include="D:\DEV\framework\build-qt\CMakeFiles\b2ed2dda5f7ea6d8f20bc816bf518221\framework_qt6_example_Main_qml.cpp.rule">
      <Filter>CMake Rules</Filter>
    </CustomBuild>
    <CustomBuild Include="D:\DEV\framework\build-qt\CMakeFiles\775d877b00388d56f5bd89021646ada9\qrc_framework_qt6_example_raw_qml_0.cpp.rule">
      <Filter>CMake Rules</Filter>
    </CustomBuild>
    <CustomBuild Include="D:\DEV\framework\ui\qt6\CMakeLists.txt" />
  </ItemGroup>
  <ItemGroup>
    <None Include="D:\DEV\framework\build-qt\ui\qt6\meta_types\qt6framework_qt6_example_metatypes.json.gen">
      <Filter>Source Files\Generated</Filter>
    </None>
    <None Include="D:\DEV\framework\ui\qt6\Main.qml">
      <Filter>Source Files</Filter>
    </None>
    <None Include="D:\DEV\framework\ui\qt6\timestamp_Debug" />
    <None Include="C:\Qt\6.11.2\msvc2022_64\metatypes\qt6core_metatypes.json">
      <Filter>Source Files\Generated</Filter>
    </None>
    <None Include="C:\Qt\6.11.2\msvc2022_64\metatypes\qt6qml_metatypes.json">
      <Filter>Source Files\Generated</Filter>
    </None>
    <None Include="C:\Qt\6.11.2\msvc2022_64\metatypes\qt6network_metatypes.json">
      <Filter>Source Files\Generated</Filter>
    </None>
    <None Include="C:\Qt\6.11.2\msvc2022_64\metatypes\qt6quick_metatypes.json">
      <Filter>Source Files\Generated</Filter>
    </None>
    <None Include="C:\Qt\6.11.2\msvc2022_64\metatypes\qt6gui_metatypes.json">
      <Filter>Source Files\Generated</Filter>
    </None>
    <None Include="C:\Qt\6.11.2\msvc2022_64\metatypes\qt6opengl_metatypes.json">
      <Filter>Source Files\Generated</Filter>
    </None>
    <None Include="D:\DEV\framework\ui\qt6\timestamp_Release" />
    <None Include="D:\DEV\framework\ui\qt6\timestamp_MinSizeRel" />
    <None Include="D:\DEV\framework\ui\qt6\timestamp_RelWithDebInfo" />
  </ItemGroup>
  <ItemGroup>
    <Filter Include="CMake Rules">
      <UniqueIdentifier>{69409CF5-2E95-3F45-8182-2F3EEC9DF485}</UniqueIdentifier>
    </Filter>
    <Filter Include="Header Files">
      <UniqueIdentifier>{BB0AFFAA-1E21-3D44-9194-6B2EA78AD433}</UniqueIdentifier>
    </Filter>
    <Filter Include="Resources">
      <UniqueIdentifier>{A44A70E8-3D57-30C6-A674-4CF02508BEFD}</UniqueIdentifier>
    </Filter>
    <Filter Include="Source Files">
      <UniqueIdentifier>{A7ECDC30-69D6-30E1-9777-28BC7CADC1E4}</UniqueIdentifier>
    </Filter>
    <Filter Include="Source Files\Generated">
      <UniqueIdentifier>{2E2E5171-3E40-3207-81A4-79AE77129153}</UniqueIdentifier>
    </Filter>
  </ItemGroup>
</Project>
