<?xml version="1.0" encoding="utf-8"?>
<Project ToolsVersion="18.0" xmlns="http://schemas.microsoft.com/developer/msbuild/2003">
  <ItemGroup>
    <CustomBuild Include="D:\DEV\framework\build-qt\CMakeFiles\6046d6e8b532e2b064c6cc5c92b13646\framework_qt6_example_qmllint_module.rule">
      <Filter>CMake Rules</Filter>
    </CustomBuild>
    <CustomBuild Include="D:\DEV\framework\ui\qt6\CMakeLists.txt" />
  </ItemGroup>
  <ItemGroup>
    <None Include="D:\DEV\framework\build-qt\ui\qt6\CMakeFiles\framework_qt6_example_qmllint_module" />
  </ItemGroup>
  <ItemGroup>
    <Filter Include="CMake Rules">
      <UniqueIdentifier>{69409CF5-2E95-3F45-8182-2F3EEC9DF485}</UniqueIdentifier>
    </Filter>
  </ItemGroup>
</Project>
